
Microsoft Visual Studio Solution File, Format Version 12.00
# Visual Studio 2013
VisualStudioVersion = 12.0.31101.0
MinimumVisualStudioVersion = 10.0.40219.1
Project("{FAE04EC0-301F-11D3-BF4B-00C04F79EFBC}") = "SharpYaml", "SharpYaml\SharpYaml.csproj", "{A497F212-3C9B-45A2-8B81-7168C584D142}"
EndProject
Project("{FAE04EC0-301F-11D3-BF4B-00C04F79EFBC}") = "SharpYaml.Tests", "SharpYaml.Tests\SharpYaml.Tests.csproj", "{3FF901B8-A222-4153-B799-A18E977F1D31}"
EndProject
Project("{FAE04EC0-301F-11D3-BF4B-00C04F79EFBC}") = "SharpYaml.Samples", "SharpYaml.Samples\SharpYaml.Samples.csproj", "{77E85652-D739-4BDD-B33C-BA5DBF27A9A1}"
EndProject
Global
	GlobalSection(SolutionConfigurationPlatforms) = preSolution
		Debug|Any CPU = Debug|Any CPU
		Release|Any CPU = Release|Any CPU
	EndGlobalSection
	GlobalSection(ProjectConfigurationPlatforms) = postSolution
		{A497F212-3C9B-45A2-8B81-7168C584D142}.Debug|Any CPU.ActiveCfg = Debug|Any CPU
		{A497F212-3C9B-45A2-8B81-7168C584D142}.Debug|Any CPU.Build.0 = Debug|Any CPU
		{A497F212-3C9B-45A2-8B81-7168C584D142}.Release|Any CPU.ActiveCfg = Release|Any CPU
		{A497F212-3C9B-45A2-8B81-7168C584D142}.Release|Any CPU.Build.0 = Release|Any CPU
		{3FF901B8-A222-4153-B799-A18E977F1D31}.Debug|Any CPU.ActiveCfg = Debug|Any CPU
		{3FF901B8-A222-4153-B799-A18E977F1D31}.Debug|Any CPU.Build.0 = Debug|Any CPU
		{3FF901B8-A222-4153-B799-A18E977F1D31}.Release|Any CPU.ActiveCfg = Release|Any CPU
		{3FF901B8-A222-4153-B799-A18E977F1D31}.Release|Any CPU.Build.0 = Release|Any CPU
		{77E85652-D739-4BDD-B33C-BA5DBF27A9A1}.Debug|Any CPU.ActiveCfg = Debug|Any CPU
		{77E85652-D739-4BDD-B33C-BA5DBF27A9A1}.Debug|Any CPU.Build.0 = Debug|Any CPU
		{77E85652-D739-4BDD-B33C-BA5DBF27A9A1}.Release|Any CPU.ActiveCfg = Release|Any CPU
		{77E85652-D739-4BDD-B33C-BA5DBF27A9A1}.Release|Any CPU.Build.0 = Release|Any CPU
	EndGlobalSection
	GlobalSection(SolutionProperties) = preSolution
		HideSolutionNode = FALSE
	EndGlobalSection
EndGlobal
